// !$*UTF8*$!
{
	archiveVersion = 1;
	classes = {
	};
	objectVersion = 56;
	objects = {

/* Begin PBXBuildFile section */
		F3DA65CB2A1B759A00DA81E6 /* AppDelegate.swift in Sources */ = {isa = PBXBuildFile; fileRef = F3DA65CA2A1B759A00DA81E6 /* AppDelegate.swift */; };
		F3DA65CD2A1B759A00DA81E6 /* SceneDelegate.swift in Sources */ = {isa = PBXBuildFile; fileRef = F3DA65CC2A1B759A00DA81E6 /* SceneDelegate.swift */; };
		F3DA65CF2A1B759A00DA81E6 /* ViewController.swift in Sources */ = {isa = PBXBuildFile; fileRef = F3DA65CE2A1B759A00DA81E6 /* ViewController.swift */; };
		F3DA65D22A1B759A00DA81E6 /* Main.storyboard in Resources */ = {isa = PBXBuildFile; fileRef = F3DA65D02A1B759A00DA81E6 /* Main.storyboard */; };
		F3DA65D42A1B759D00DA81E6 /* Assets.xcassets in Resources */ = {isa = PBXBuildFile; fileRef = F3DA65D32A1B759D00DA81E6 /* Assets.xcassets */; };
		F3DA65D72A1B759D00DA81E6 /* LaunchScreen.storyboard in Resources */ = {isa = PBXBuildFile; fileRef = F3DA65D52A1B759D00DA81E6 /* LaunchScreen.storyboard */; };
		F3DA65E22A1B759E00DA81E6 /* AppiversityTests.swift in Sources */ = {isa = PBXBuildFile; fileRef = F3DA65E12A1B759E00DA81E6 /* AppiversityTests.swift */; };
		F3DA65EC2A1B759E00DA81E6 /* AppiversityUITests.swift in Sources */ = {isa = PBXBuildFile; fileRef = F3DA65EB2A1B759E00DA81E6 /* AppiversityUITests.swift */; };
		F3DA65EE2A1B759E00DA81E6 /* AppiversityUITestsLaunchTests.swift in Sources */ = {isa = PBXBuildFile; fileRef = F3DA65ED2A1B759E00DA81E6 /* AppiversityUITestsLaunchTests.swift */; };
		F3DA65FB2A1B906500DA81E6 /* Notes in Resources */ = {isa = PBXBuildFile; fileRef = F3DA65FA2A1B906500DA81E6 /* Notes */; };
		F3DA66032A1B9DE400DA81E6 /* Extensions.swift in Sources */ = {isa = PBXBuildFile; fileRef = F3DA66022A1B9DE400DA81E6 /* Extensions.swift */; };
		F3DA66052A1BA35500DA81E6 /* MainCoordinator.swift in Sources */ = {isa = PBXBuildFile; fileRef = F3DA66042A1BA35500DA81E6 /* MainCoordinator.swift */; };
		F3DA66072A1BA38400DA81E6 /* CoordinatorProtocol.swift in Sources */ = {isa = PBXBuildFile; fileRef = F3DA66062A1BA38400DA81E6 /* CoordinatorProtocol.swift */; };
		F3DA66092A1BBF7200DA81E6 /* HomeViewCoordinator.swift in Sources */ = {isa = PBXBuildFile; fileRef = F3DA66082A1BBF7200DA81E6 /* HomeViewCoordinator.swift */; };
/* End PBXBuildFile section */

/* Begin PBXContainerItemProxy section */
		F3DA65DE2A1B759E00DA81E6 /* PBXContainerItemProxy */ = {
			isa = PBXContainerItemProxy;
			containerPortal = F3DA65BF2A1B759A00DA81E6 /* Project object */;
			proxyType = 1;
			remoteGlobalIDString = F3DA65C62A1B759A00DA81E6;
			remoteInfo = Appiversity;
		};
		F3DA65E82A1B759E00DA81E6 /* PBXContainerItemProxy */ = {
			isa = PBXContainerItemProxy;
			containerPortal = F3DA65BF2A1B759A00DA81E6 /* Project object */;
			proxyType = 1;
			remoteGlobalIDString = F3DA65C62A1B759A00DA81E6;
			remoteInfo = Appiversity;
		};
/* End PBXContainerItemProxy section */

/* Begin PBXFileReference section */
		F3DA65C72A1B759A00DA81E6 /* Appiversity.app */ = {isa = PBXFileReference; explicitFileType = wrapper.application; includeInIndex = 0; path = Appiversity.app; sourceTree = BUILT_PRODUCTS_DIR; };
		F3DA65CA2A1B759A00DA81E6 /* AppDelegate.swift */ = {isa = PBXFileReference; lastKnownFileType = sourcecode.swift; path = AppDelegate.swift; sourceTree = "<group>"; };
		F3DA65CC2A1B759A00DA81E6 /* SceneDelegate.swift */ = {isa = PBXFileReference; lastKnownFileType = sourcecode.swift; path = SceneDelegate.swift; sourceTree = "<group>"; };
		F3DA65CE2A1B759A00DA81E6 /* ViewController.swift */ = {isa = PBXFileReference; lastKnownFileType = sourcecode.swift; path = ViewController.swift; sourceTree = "<group>"; };
		F3DA65D12A1B759A00DA81E6 /* Base */ = {isa = PBXFileReference; lastKnownFileType = file.storyboard; name = Base; path = Base.lproj/Main.storyboard; sourceTree = "<group>"; };
		F3DA65D32A1B759D00DA81E6 /* Assets.xcassets */ = {isa = PBXFileReference; lastKnownFileType = folder.assetcatalog; path = Assets.xcassets; sourceTree = "<group>"; };
		F3DA65D62A1B759D00DA81E6 /* Base */ = {isa = PBXFileReference; lastKnownFileType = file.storyboard; name = Base; path = Base.lproj/LaunchScreen.storyboard; sourceTree = "<group>"; };
		F3DA65D82A1B759D00DA81E6 /* Info.plist */ = {isa = PBXFileReference; lastKnownFileType = text.plist.xml; path = Info.plist; sourceTree = "<group>"; };
		F3DA65DD2A1B759E00DA81E6 /* AppiversityTests.xctest */ = {isa = PBXFileReference; explicitFileType = wrapper.cfbundle; includeInIndex = 0; path = AppiversityTests.xctest; sourceTree = BUILT_PRODUCTS_DIR; };
		F3DA65E12A1B759E00DA81E6 /* AppiversityTests.swift */ = {isa = PBXFileReference; lastKnownFileType = sourcecode.swift; path = AppiversityTests.swift; sourceTree = "<group>"; };
		F3DA65E72A1B759E00DA81E6 /* AppiversityUITests.xctest */ = {isa = PBXFileReference; explicitFileType = wrapper.cfbundle; includeInIndex = 0; path = AppiversityUITests.xctest; sourceTree = BUILT_PRODUCTS_DIR; };
		F3DA65EB2A1B759E00DA81E6 /* AppiversityUITests.swift */ = {isa = PBXFileReference; lastKnownFileType = sourcecode.swift; path = AppiversityUITests.swift; sourceTree = "<group>"; };
		F3DA65ED2A1B759E00DA81E6 /* AppiversityUITestsLaunchTests.swift */ = {isa = PBXFileReference; lastKnownFileType = sourcecode.swift; path = AppiversityUITestsLaunchTests.swift; sourceTree = "<group>"; };
		F3DA65FA2A1B906500DA81E6 /* Notes */ = {isa = PBXFileReference; lastKnownFileType = text; path = Notes; sourceTree = "<group>"; };
		F3DA66022A1B9DE400DA81E6 /* Extensions.swift */ = {isa = PBXFileReference; lastKnownFileType = sourcecode.swift; path = Extensions.swift; sourceTree = "<group>"; };
		F3DA66042A1BA35500DA81E6 /* MainCoordinator.swift */ = {isa = PBXFileReference; lastKnownFileType = sourcecode.swift; path = MainCoordinator.swift; sourceTree = "<group>"; };
		F3DA66062A1BA38400DA81E6 /* CoordinatorProtocol.swift */ = {isa = PBXFileReference; lastKnownFileType = sourcecode.swift; path = CoordinatorProtocol.swift; sourceTree = "<group>"; };
		F3DA66082A1BBF7200DA81E6 /* HomeViewCoordinator.swift */ = {isa = PBXFileReference; lastKnownFileType = sourcecode.swift; path = HomeViewCoordinator.swift; sourceTree = "<group>"; };
/* End PBXFileReference section */

/* Begin PBXFrameworksBuildPhase section */
		F3DA65C42A1B759A00DA81E6 /* Frameworks */ = {
			isa = PBXFrameworksBuildPhase;
			buildActionMask = 2147483647;
			files = (
			);
			runOnlyForDeploymentPostprocessing = 0;
		};
		F3DA65DA2A1B759E00DA81E6 /* Frameworks */ = {
			isa = PBXFrameworksBuildPhase;
			buildActionMask = 2147483647;
			files = (
			);
			runOnlyForDeploymentPostprocessing = 0;
		};
		F3DA65E42A1B759E00DA81E6 /* Frameworks */ = {
			isa = PBXFrameworksBuildPhase;
			buildActionMask = 2147483647;
			files = (
			);
			runOnlyForDeploymentPostprocessing = 0;
		};
/* End PBXFrameworksBuildPhase section */

/* Begin PBXGroup section */
		F3DA65BE2A1B759A00DA81E6 = {
			isa = PBXGroup;
			children = (
				F3DA65C92A1B759A00DA81E6 /* Appiversity */,
				F3DA65E02A1B759E00DA81E6 /* AppiversityTests */,
				F3DA65EA2A1B759E00DA81E6 /* AppiversityUITests */,
				F3DA65C82A1B759A00DA81E6 /* Products */,
			);
			sourceTree = "<group>";
		};
		F3DA65C82A1B759A00DA81E6 /* Products */ = {
			isa = PBXGroup;
			children = (
				F3DA65C72A1B759A00DA81E6 /* Appiversity.app */,
				F3DA65DD2A1B759E00DA81E6 /* AppiversityTests.xctest */,
				F3DA65E72A1B759E00DA81E6 /* AppiversityUITests.xctest */,
			);
			name = Products;
			sourceTree = "<group>";
		};
		F3DA65C92A1B759A00DA81E6 /* Appiversity */ = {
			isa = PBXGroup;
			children = (
				F3DA66012A1B9DCD00DA81E6 /* Utils */,
				F3DA65FC2A1B9CFB00DA81E6 /* Network */,
				F3DA66002A1B9D0B00DA81E6 /* Model */,
				F3DA65FF2A1B9D0600DA81E6 /* View */,
				F3DA65FE2A1B9D0300DA81E6 /* ViewModel */,
				F3DA65FD2A1B9CFF00DA81E6 /* Coordinator */,
				F3DA65CA2A1B759A00DA81E6 /* AppDelegate.swift */,
				F3DA65CC2A1B759A00DA81E6 /* SceneDelegate.swift */,
				F3DA65D02A1B759A00DA81E6 /* Main.storyboard */,
				F3DA65D32A1B759D00DA81E6 /* Assets.xcassets */,
				F3DA65D52A1B759D00DA81E6 /* LaunchScreen.storyboard */,
				F3DA65D82A1B759D00DA81E6 /* Info.plist */,
				F3DA65FA2A1B906500DA81E6 /* Notes */,
			);
			path = Appiversity;
			sourceTree = "<group>";
		};
		F3DA65E02A1B759E00DA81E6 /* AppiversityTests */ = {
			isa = PBXGroup;
			children = (
				F3DA65E12A1B759E00DA81E6 /* AppiversityTests.swift */,
			);
			path = AppiversityTests;
			sourceTree = "<group>";
		};
		F3DA65EA2A1B759E00DA81E6 /* AppiversityUITests */ = {
			isa = PBXGroup;
			children = (
				F3DA65EB2A1B759E00DA81E6 /* AppiversityUITests.swift */,
				F3DA65ED2A1B759E00DA81E6 /* AppiversityUITestsLaunchTests.swift */,
			);
			path = AppiversityUITests;
			sourceTree = "<group>";
		};
		F3DA65FC2A1B9CFB00DA81E6 /* Network */ = {
			isa = PBXGroup;
			children = (
			);
			path = Network;
			sourceTree = "<group>";
		};
		F3DA65FD2A1B9CFF00DA81E6 /* Coordinator */ = {
			isa = PBXGroup;
			children = (
				F3DA66062A1BA38400DA81E6 /* CoordinatorProtocol.swift */,
				F3DA66042A1BA35500DA81E6 /* MainCoordinator.swift */,
				F3DA66082A1BBF7200DA81E6 /* HomeViewCoordinator.swift */,
			);
			path = Coordinator;
			sourceTree = "<group>";
		};
		F3DA65FE2A1B9D0300DA81E6 /* ViewModel */ = {
			isa = PBXGroup;
			children = (
			);
			path = ViewModel;
			sourceTree = "<group>";
		};
		F3DA65FF2A1B9D0600DA81E6 /* View */ = {
			isa = PBXGroup;
			children = (
				F3DA65CE2A1B759A00DA81E6 /* ViewController.swift */,
			);
			path = View;
			sourceTree = "<group>";
		};
		F3DA66002A1B9D0B00DA81E6 /* Model */ = {
			isa = PBXGroup;
			children = (
			);
			path = Model;
			sourceTree = "<group>";
		};
		F3DA66012A1B9DCD00DA81E6 /* Utils */ = {
			isa = PBXGroup;
			children = (
				F3DA66022A1B9DE400DA81E6 /* Extensions.swift */,
			);
			path = Utils;
			sourceTree = "<group>";
		};
/* End PBXGroup section */

/* Begin PBXNativeTarget section */
		F3DA65C62A1B759A00DA81E6 /* Appiversity */ = {
			isa = PBXNativeTarget;
			buildConfigurationList = F3DA65F12A1B759E00DA81E6 /* Build configuration list for PBXNativeTarget "Appiversity" */;
			buildPhases = (
				F3DA65C32A1B759A00DA81E6 /* Sources */,
				F3DA65C42A1B759A00DA81E6 /* Frameworks */,
				F3DA65C52A1B759A00DA81E6 /* Resources */,
			);
			buildRules = (
			);
			dependencies = (
			);
			name = Appiversity;
			productName = Appiversity;
			productReference = F3DA65C72A1B759A00DA81E6 /* Appiversity.app */;
			productType = "com.apple.product-type.application";
		};
		F3DA65DC2A1B759E00DA81E6 /* AppiversityTests */ = {
			isa = PBXNativeTarget;
			buildConfigurationList = F3DA65F42A1B759E00DA81E6 /* Build configuration list for PBXNativeTarget "AppiversityTests" */;
			buildPhases = (
				F3DA65D92A1B759E00DA81E6 /* Sources */,
				F3DA65DA2A1B759E00DA81E6 /* Frameworks */,
				F3DA65DB2A1B759E00DA81E6 /* Resources */,
			);
			buildRules = (
			);
			dependencies = (
				F3DA65DF2A1B759E00DA81E6 /* PBXTargetDependency */,
			);
			name = AppiversityTests;
			productName = AppiversityTests;
			productReference = F3DA65DD2A1B759E00DA81E6 /* AppiversityTests.xctest */;
			productType = "com.apple.product-type.bundle.unit-test";
		};
		F3DA65E62A1B759E00DA81E6 /* AppiversityUITests */ = {
			isa = PBXNativeTarget;
			buildConfigurationList = F3DA65F72A1B759E00DA81E6 /* Build configuration list for PBXNativeTarget "AppiversityUITests" */;
			buildPhases = (
				F3DA65E32A1B759E00DA81E6 /* Sources */,
				F3DA65E42A1B759E00DA81E6 /* Frameworks */,
				F3DA65E52A1B759E00DA81E6 /* Resources */,
			);
			buildRules = (
			);
			dependencies = (
				F3DA65E92A1B759E00DA81E6 /* PBXTargetDependency */,
			);
			name = AppiversityUITests;
			productName = AppiversityUITests;
			productReference = F3DA65E72A1B759E00DA81E6 /* AppiversityUITests.xctest */;
			productType = "com.apple.product-type.bundle.ui-testing";
		};
/* End PBXNativeTarget section */

/* Begin PBXProject section */
		F3DA65BF2A1B759A00DA81E6 /* Project object */ = {
			isa = PBXProject;
			attributes = {
				BuildIndependentTargetsInParallel = 1;
				LastSwiftUpdateCheck = 1420;
				LastUpgradeCheck = 1420;
				TargetAttributes = {
					F3DA65C62A1B759A00DA81E6 = {
						CreatedOnToolsVersion = 14.2;
					};
					F3DA65DC2A1B759E00DA81E6 = {
						CreatedOnToolsVersion = 14.2;
						TestTargetID = F3DA65C62A1B759A00DA81E6;
					};
					F3DA65E62A1B759E00DA81E6 = {
						CreatedOnToolsVersion = 14.2;
						TestTargetID = F3DA65C62A1B759A00DA81E6;
					};
				};
			};
			buildConfigurationList = F3DA65C22A1B759A00DA81E6 /* Build configuration list for PBXProject "Appiversity" */;
			compatibilityVersion = "Xcode 14.0";
			developmentRegion = en;
			hasScannedForEncodings = 0;
			knownRegions = (
				en,
				Base,
			);
			mainGroup = F3DA65BE2A1B759A00DA81E6;
			productRefGroup = F3DA65C82A1B759A00DA81E6 /* Products */;
			projectDirPath = "";
			projectRoot = "";
			targets = (
				F3DA65C62A1B759A00DA81E6 /* Appiversity */,
				F3DA65DC2A1B759E00DA81E6 /* AppiversityTests */,
				F3DA65E62A1B759E00DA81E6 /* AppiversityUITests */,
			);
		};
/* End PBXProject section */

/* Begin PBXResourcesBuildPhase section */
		F3DA65C52A1B759A00DA81E6 /* Resources */ = {
			isa = PBXResourcesBuildPhase;
			buildActionMask = 2147483647;
			files = (
				F3DA65D72A1B759D00DA81E6 /* LaunchScreen.storyboard in Resources */,
				F3DA65D42A1B759D00DA81E6 /* Assets.xcassets in Resources */,
				F3DA65FB2A1B906500DA81E6 /* Notes in Resources */,
				F3DA65D22A1B759A00DA81E6 /* Main.storyboard in Resources */,
			);
			runOnlyForDeploymentPostprocessing = 0;
		};
		F3DA65DB2A1B759E00DA81E6 /* Resources */ = {
			isa = PBXResourcesBuildPhase;
			buildActionMask = 2147483647;
			files = (
			);
			runOnlyForDeploymentPostprocessing = 0;
		};
		F3DA65E52A1B759E00DA81E6 /* Resources */ = {
			isa = PBXResourcesBuildPhase;
			buildActionMask = 2147483647;
			files = (
			);
			runOnlyForDeploymentPostprocessing = 0;
		};
/* End PBXResourcesBuildPhase section */

/* Begin PBXSourcesBuildPhase section */
		F3DA65C32A1B759A00DA81E6 /* Sources */ = {
			isa = PBXSourcesBuildPhase;
			buildActionMask = 2147483647;
			files = (
				F3DA65CF2A1B759A00DA81E6 /* ViewController.swift in Sources */,
				F3DA66092A1BBF7200DA81E6 /* HomeViewCoordinator.swift in Sources */,
				F3DA65CB2A1B759A00DA81E6 /* AppDelegate.swift in Sources */,
				F3DA66072A1BA38400DA81E6 /* CoordinatorProtocol.swift in Sources */,
				F3DA65CD2A1B759A00DA81E6 /* SceneDelegate.swift in Sources */,
				F3DA66052A1BA35500DA81E6 /* MainCoordinator.swift in Sources */,
				F3DA66032A1B9DE400DA81E6 /* Extensions.swift in Sources */,
			);
			runOnlyForDeploymentPostprocessing = 0;
		};
		F3DA65D92A1B759E00DA81E6 /* Sources */ = {
			isa = PBXSourcesBuildPhase;
			buildActionMask = 2147483647;
			files = (
				F3DA65E22A1B759E00DA81E6 /* AppiversityTests.swift in Sources */,
			);
			runOnlyForDeploymentPostprocessing = 0;
		};
		F3DA65E32A1B759E00DA81E6 /* Sources */ = {
			isa = PBXSourcesBuildPhase;
			buildActionMask = 2147483647;
			files = (
				F3DA65EC2A1B759E00DA81E6 /* AppiversityUITests.swift in Sources */,
				F3DA65EE2A1B759E00DA81E6 /* AppiversityUITestsLaunchTests.swift in Sources */,
			);
			runOnlyForDeploymentPostprocessing = 0;
		};
/* End PBXSourcesBuildPhase section */

/* Begin PBXTargetDependency section */
		F3DA65DF2A1B759E00DA81E6 /* PBXTargetDependency */ = {
			isa = PBXTargetDependency;
			target = F3DA65C62A1B759A00DA81E6 /* Appiversity */;
			targetProxy = F3DA65DE2A1B759E00DA81E6 /* PBXContainerItemProxy */;
		};
		F3DA65E92A1B759E00DA81E6 /* PBXTargetDependency */ = {
			isa = PBXTargetDependency;
			target = F3DA65C62A1B759A00DA81E6 /* Appiversity */;
			targetProxy = F3DA65E82A1B759E00DA81E6 /* PBXContainerItemProxy */;
		};
/* End PBXTargetDependency section */

/* Begin PBXVariantGroup section */
		F3DA65D02A1B759A00DA81E6 /* Main.storyboard */ = {
			isa = PBXVariantGroup;
			children = (
				F3DA65D12A1B759A00DA81E6 /* Base */,
			);
			name = Main.storyboard;
			sourceTree = "<group>";
		};
		F3DA65D52A1B759D00DA81E6 /* LaunchScreen.storyboard */ = {
			isa = PBXVariantGroup;
			children = (
				F3DA65D62A1B759D00DA81E6 /* Base */,
			);
			name = LaunchScreen.storyboard;
			sourceTree = "<group>";
		};
/* End PBXVariantGroup section */

/* Begin XCBuildConfiguration section */
		F3DA65EF2A1B759E00DA81E6 /* Debug */ = {
			isa = XCBuildConfiguration;
			buildSettings = {
				ALWAYS_SEARCH_USER_PATHS = NO;
				CLANG_ANALYZER_NONNULL = YES;
				CLANG_ANALYZER_NUMBER_OBJECT_CONVERSION = YES_AGGRESSIVE;
				CLANG_CXX_LANGUAGE_STANDARD = "gnu++20";
				CLANG_ENABLE_MODULES = YES;
				CLANG_ENABLE_OBJC_ARC = YES;
				CLANG_ENABLE_OBJC_WEAK = YES;
				CLANG_WARN_BLOCK_CAPTURE_AUTORELEASING = YES;
				CLANG_WARN_BOOL_CONVERSION = YES;
				CLANG_WARN_COMMA = YES;
				CLANG_WARN_CONSTANT_CONVERSION = YES;
				CLANG_WARN_DEPRECATED_OBJC_IMPLEMENTATIONS = YES;
				CLANG_WARN_DIRECT_OBJC_ISA_USAGE = YES_ERROR;
				CLANG_WARN_DOCUMENTATION_COMMENTS = YES;
				CLANG_WARN_EMPTY_BODY = YES;
				CLANG_WARN_ENUM_CONVERSION = YES;
				CLANG_WARN_INFINITE_RECURSION = YES;
				CLANG_WARN_INT_CONVERSION = YES;
				CLANG_WARN_NON_LITERAL_NULL_CONVERSION = YES;
				CLANG_WARN_OBJC_IMPLICIT_RETAIN_SELF = YES;
				CLANG_WARN_OBJC_LITERAL_CONVERSION = YES;
				CLANG_WARN_OBJC_ROOT_CLASS = YES_ERROR;
				CLANG_WARN_QUOTED_INCLUDE_IN_FRAMEWORK_HEADER = YES;
				CLANG_WARN_RANGE_LOOP_ANALYSIS = YES;
				CLANG_WARN_STRICT_PROTOTYPES = YES;
				CLANG_WARN_SUSPICIOUS_MOVE = YES;
				CLANG_WARN_UNGUARDED_AVAILABILITY = YES_AGGRESSIVE;
				CLANG_WARN_UNREACHABLE_CODE = YES;
				CLANG_WARN__DUPLICATE_METHOD_MATCH = YES;
				COPY_PHASE_STRIP = NO;
				DEBUG_INFORMATION_FORMAT = dwarf;
				ENABLE_STRICT_OBJC_MSGSEND = YES;
				ENABLE_TESTABILITY = YES;
				GCC_C_LANGUAGE_STANDARD = gnu11;
				GCC_DYNAMIC_NO_PIC = NO;
				GCC_NO_COMMON_BLOCKS = YES;
				GCC_OPTIMIZATION_LEVEL = 0;
				GCC_PREPROCESSOR_DEFINITIONS = (
					"DEBUG=1",
					"$(inherited)",
				);
				GCC_WARN_64_TO_32_BIT_CONVERSION = YES;
				GCC_WARN_ABOUT_RETURN_TYPE = YES_ERROR;
				GCC_WARN_UNDECLARED_SELECTOR = YES;
				GCC_WARN_UNINITIALIZED_AUTOS = YES_AGGRESSIVE;
				GCC_WARN_UNUSED_FUNCTION = YES;
				GCC_WARN_UNUSED_VARIABLE = YES;
				IPHONEOS_DEPLOYMENT_TARGET = 16.2;
				MTL_ENABLE_DEBUG_INFO = INCLUDE_SOURCE;
				MTL_FAST_MATH = YES;
				ONLY_ACTIVE_ARCH = YES;
				SDKROOT = iphoneos;
				SWIFT_ACTIVE_COMPILATION_CONDITIONS = DEBUG;
				SWIFT_OPTIMIZATION_LEVEL = "-Onone";
			};
			name = Debug;
		};
		F3DA65F02A1B759E00DA81E6 /* Release */ = {
			isa = XCBuildConfiguration;
			buildSettings = {
				ALWAYS_SEARCH_USER_PATHS = NO;
				CLANG_ANALYZER_NONNULL = YES;
				CLANG_ANALYZER_NUMBER_OBJECT_CONVERSION = YES_AGGRESSIVE;
				CLANG_CXX_LANGUAGE_STANDARD = "gnu++20";
				CLANG_ENABLE_MODULES = YES;
				CLANG_ENABLE_OBJC_ARC = YES;
				CLANG_ENABLE_OBJC_WEAK = YES;
				CLANG_WARN_BLOCK_CAPTURE_AUTORELEASING = YES;
				CLANG_WARN_BOOL_CONVERSION = YES;
				CLANG_WARN_COMMA = YES;
				CLANG_WARN_CONSTANT_CONVERSION = YES;
				CLANG_WARN_DEPRECATED_OBJC_IMPLEMENTATIONS = YES;
				CLANG_WARN_DIRECT_OBJC_ISA_USAGE = YES_ERROR;
				CLANG_WARN_DOCUMENTATION_COMMENTS = YES;
				CLANG_WARN_EMPTY_BODY = YES;
				CLANG_WARN_ENUM_CONVERSION = YES;
				CLANG_WARN_INFINITE_RECURSION = YES;
				CLANG_WARN_INT_CONVERSION = YES;
				CLANG_WARN_NON_LITERAL_NULL_CONVERSION = YES;
				CLANG_WARN_OBJC_IMPLICIT_RETAIN_SELF = YES;
				CLANG_WARN_OBJC_LITERAL_CONVERSION = YES;
				CLANG_WARN_OBJC_ROOT_CLASS = YES_ERROR;
				CLANG_WARN_QUOTED_INCLUDE_IN_FRAMEWORK_HEADER = YES;
				CLANG_WARN_RANGE_LOOP_ANALYSIS = YES;
				CLANG_WARN_STRICT_PROTOTYPES = YES;
				CLANG_WARN_SUSPICIOUS_MOVE = YES;
				CLANG_WARN_UNGUARDED_AVAILABILITY = YES_AGGRESSIVE;
				CLANG_WARN_UNREACHABLE_CODE = YES;
				CLANG_WARN__DUPLICATE_METHOD_MATCH = YES;
				COPY_PHASE_STRIP = NO;
				DEBUG_INFORMATION_FORMAT = "dwarf-with-dsym";
				ENABLE_NS_ASSERTIONS = NO;
				ENABLE_STRICT_OBJC_MSGSEND = YES;
				GCC_C_LANGUAGE_STANDARD = gnu11;
				GCC_NO_COMMON_BLOCKS = YES;
				GCC_WARN_64_TO_32_BIT_CONVERSION = YES;
				GCC_WARN_ABOUT_RETURN_TYPE = YES_ERROR;
				GCC_WARN_UNDECLARED_SELECTOR = YES;
				GCC_WARN_UNINITIALIZED_AUTOS = YES_AGGRESSIVE;
				GCC_WARN_UNUSED_FUNCTION = YES;
				GCC_WARN_UNUSED_VARIABLE = YES;
				IPHONEOS_DEPLOYMENT_TARGET = 16.2;
				MTL_ENABLE_DEBUG_INFO = NO;
				MTL_FAST_MATH = YES;
				SDKROOT = iphoneos;
				SWIFT_COMPILATION_MODE = wholemodule;
				SWIFT_OPTIMIZATION_LEVEL = "-O";
				VALIDATE_PRODUCT = YES;
			};
			name = Release;
		};
		F3DA65F22A1B759E00DA81E6 /* Debug */ = {
			isa = XCBuildConfiguration;
			buildSettings = {
				ASSETCATALOG_COMPILER_APPICON_NAME = AppIcon;
				ASSETCATALOG_COMPILER_GLOBAL_ACCENT_COLOR_NAME = AccentColor;
				CODE_SIGN_STYLE = Automatic;
				CURRENT_PROJECT_VERSION = 1;
				GENERATE_INFOPLIST_FILE = YES;
				INFOPLIST_FILE = Appiversity/Info.plist;
				INFOPLIST_KEY_UIApplicationSupportsIndirectInputEvents = YES;
				INFOPLIST_KEY_UILaunchStoryboardName = LaunchScreen;
				INFOPLIST_KEY_UIMainStoryboardFile = Main;
				INFOPLIST_KEY_UISupportedInterfaceOrientations_iPad = "UIInterfaceOrientationPortrait UIInterfaceOrientationPortraitUpsideDown UIInterfaceOrientationLandscapeLeft UIInterfaceOrientationLandscapeRight";
				INFOPLIST_KEY_UISupportedInterfaceOrientations_iPhone = "UIInterfaceOrientationPortrait UIInterfaceOrientationLandscapeLeft UIInterfaceOrientationLandscapeRight";
				IPHONEOS_DEPLOYMENT_TARGET = 15.0;
				LD_RUNPATH_SEARCH_PATHS = (
					"$(inherited)",
					"@executable_path/Frameworks",
				);
				MARKETING_VERSION = 1.0;
				PRODUCT_BUNDLE_IDENTIFIER = com.ITC.Appiversity;
				PRODUCT_NAME = "$(TARGET_NAME)";
				SWIFT_EMIT_LOC_STRINGS = YES;
				SWIFT_VERSION = 5.0;
				TARGETED_DEVICE_FAMILY = "1,2";
			};
			name = Debug;
		};
		F3DA65F32A1B759E00DA81E6 /* Release */ = {
			isa = XCBuildConfiguration;
			buildSettings = {
				ASSETCATALOG_COMPILER_APPICON_NAME = AppIcon;
				ASSETCATALOG_COMPILER_GLOBAL_ACCENT_COLOR_NAME = AccentColor;
				CODE_SIGN_STYLE = Automatic;
				CURRENT_PROJECT_VERSION = 1;
				GENERATE_INFOPLIST_FILE = YES;
				INFOPLIST_FILE = Appiversity/Info.plist;
				INFOPLIST_KEY_UIApplicationSupportsIndirectInputEvents = YES;
				INFOPLIST_KEY_UILaunchStoryboardName = LaunchScreen;
				INFOPLIST_KEY_UIMainStoryboardFile = Main;
				INFOPLIST_KEY_UISupportedInterfaceOrientations_iPad = "UIInterfaceOrientationPortrait UIInterfaceOrientationPortraitUpsideDown UIInterfaceOrientationLandscapeLeft UIInterfaceOrientationLandscapeRight";
				INFOPLIST_KEY_UISupportedInterfaceOrientations_iPhone = "UIInterfaceOrientationPortrait UIInterfaceOrientationLandscapeLeft UIInterfaceOrientationLandscapeRight";
				IPHONEOS_DEPLOYMENT_TARGET = 15.0;
				LD_RUNPATH_SEARCH_PATHS = (
					"$(inherited)",
					"@executable_path/Frameworks",
				);
				MARKETING_VERSION = 1.0;
				PRODUCT_BUNDLE_IDENTIFIER = com.ITC.Appiversity;
				PRODUCT_NAME = "$(TARGET_NAME)";
				SWIFT_EMIT_LOC_STRINGS = YES;
				SWIFT_VERSION = 5.0;
				TARGETED_DEVICE_FAMILY = "1,2";
			};
			name = Release;
		};
		F3DA65F52A1B759E00DA81E6 /* Debug */ = {
			isa = XCBuildConfiguration;
			buildSettings = {
				ALWAYS_EMBED_SWIFT_STANDARD_LIBRARIES = YES;
				BUNDLE_LOADER = "$(TEST_HOST)";
				CODE_SIGN_STYLE = Automatic;
				CURRENT_PROJECT_VERSION = 1;
				GENERATE_INFOPLIST_FILE = YES;
				IPHONEOS_DEPLOYMENT_TARGET = 16.2;
				MARKETING_VERSION = 1.0;
				PRODUCT_BUNDLE_IDENTIFIER = com.ITC.AppiversityTests;
				PRODUCT_NAME = "$(TARGET_NAME)";
				SWIFT_EMIT_LOC_STRINGS = NO;
				SWIFT_VERSION = 5.0;
				TARGETED_DEVICE_FAMILY = "1,2";
				TEST_HOST = "$(BUILT_PRODUCTS_DIR)/Appiversity.app/$(BUNDLE_EXECUTABLE_FOLDER_PATH)/Appiversity";
			};
			name = Debug;
		};
		F3DA65F62A1B759E00DA81E6 /* Release */ = {
			isa = XCBuildConfiguration;
			buildSettings = {
				ALWAYS_EMBED_SWIFT_STANDARD_LIBRARIES = YES;
				BUNDLE_LOADER = "$(TEST_HOST)";
				CODE_SIGN_STYLE = Automatic;
				CURRENT_PROJECT_VERSION = 1;
				GENERATE_INFOPLIST_FILE = YES;
				IPHONEOS_DEPLOYMENT_TARGET = 16.2;
				MARKETING_VERSION = 1.0;
				PRODUCT_BUNDLE_IDENTIFIER = com.ITC.AppiversityTests;
				PRODUCT_NAME = "$(TARGET_NAME)";
				SWIFT_EMIT_LOC_STRINGS = NO;
				SWIFT_VERSION = 5.0;
				TARGETED_DEVICE_FAMILY = "1,2";
				TEST_HOST = "$(BUILT_PRODUCTS_DIR)/Appiversity.app/$(BUNDLE_EXECUTABLE_FOLDER_PATH)/Appiversity";
			};
			name = Release;
		};
		F3DA65F82A1B759E00DA81E6 /* Debug */ = {
			isa = XCBuildConfiguration;
			buildSettings = {
				ALWAYS_EMBED_SWIFT_STANDARD_LIBRARIES = YES;
				CODE_SIGN_STYLE = Automatic;
				CURRENT_PROJECT_VERSION = 1;
				GENERATE_INFOPLIST_FILE = YES;
				MARKETING_VERSION = 1.0;
				PRODUCT_BUNDLE_IDENTIFIER = com.ITC.AppiversityUITests;
				PRODUCT_NAME = "$(TARGET_NAME)";
				SWIFT_EMIT_LOC_STRINGS = NO;
				SWIFT_VERSION = 5.0;
				TARGETED_DEVICE_FAMILY = "1,2";
				TEST_TARGET_NAME = Appiversity;
			};
			name = Debug;
		};
		F3DA65F92A1B759E00DA81E6 /* Release */ = {
			isa = XCBuildConfiguration;
			buildSettings = {
				ALWAYS_EMBED_SWIFT_STANDARD_LIBRARIES = YES;
				CODE_SIGN_STYLE = Automatic;
				CURRENT_PROJECT_VERSION = 1;
				GENERATE_INFOPLIST_FILE = YES;
				MARKETING_VERSION = 1.0;
				PRODUCT_BUNDLE_IDENTIFIER = com.ITC.AppiversityUITests;
				PRODUCT_NAME = "$(TARGET_NAME)";
				SWIFT_EMIT_LOC_STRINGS = NO;
				SWIFT_VERSION = 5.0;
				TARGETED_DEVICE_FAMILY = "1,2";
				TEST_TARGET_NAME = Appiversity;
			};
			name = Release;
		};
/* End XCBuildConfiguration section */

/* Begin XCConfigurationList section */
		F3DA65C22A1B759A00DA81E6 /* Build configuration list for PBXProject "Appiversity" */ = {
			isa = XCConfigurationList;
			buildConfigurations = (
				F3DA65EF2A1B759E00DA81E6 /* Debug */,
				F3DA65F02A1B759E00DA81E6 /* Release */,
			);
			defaultConfigurationIsVisible = 0;
			defaultConfigurationName = Release;
		};
		F3DA65F12A1B759E00DA81E6 /* Build configuration list for PBXNativeTarget "Appiversity" */ = {
			isa = XCConfigurationList;
			buildConfigurations = (
				F3DA65F22A1B759E00DA81E6 /* Debug */,
				F3DA65F32A1B759E00DA81E6 /* Release */,
			);
			defaultConfigurationIsVisible = 0;
			defaultConfigurationName = Release;
		};
		F3DA65F42A1B759E00DA81E6 /* Build configuration list for PBXNativeTarget "AppiversityTests" */ = {
			isa = XCConfigurationList;
			buildConfigurations = (
				F3DA65F52A1B759E00DA81E6 /* Debug */,
				F3DA65F62A1B759E00DA81E6 /* Release */,
			);
			defaultConfigurationIsVisible = 0;
			defaultConfigurationName = Release;
		};
		F3DA65F72A1B759E00DA81E6 /* Build configuration list for PBXNativeTarget "AppiversityUITests" */ = {
			isa = XCConfigurationList;
			buildConfigurations = (
				F3DA65F82A1B759E00DA81E6 /* Debug */,
				F3DA65F92A1B759E00DA81E6 /* Release */,
			);
			defaultConfigurationIsVisible = 0;
			defaultConfigurationName = Release;
		};
/* End XCConfigurationList section */
	};
	rootObject = F3DA65BF2A1B759A00DA81E6 /* Project object */;
}
